
Microsoft Visual Studio Solution File, Format Version 12.00
# Visual Studio 15
VisualStudioVersion = 15.0.27703.2000
MinimumVisualStudioVersion = 10.0.40219.1
Project("{FAE04EC0-301F-11D3-BF4B-00C04F79EFBC}") = "SuperMarioRefactoring", "SuperMarioRefactoring.csproj", "{BD0091D5-4D01-4675-BD93-FC547C39EBA9}"
EndProject
Global
	GlobalSection(SolutionConfigurationPlatforms) = preSolution
		Debug|Any CPU = Debug|Any CPU
		Release|Any CPU = Release|Any CPU
	EndGlobalSection
	GlobalSection(ProjectConfigurationPlatforms) = postSolution
		{BD0091D5-4D01-4675-BD93-FC547C39EBA9}.Debug|Any CPU.ActiveCfg = Debug|Any CPU
		{BD0091D5-4D01-4675-BD93-FC547C39EBA9}.Debug|Any CPU.Build.0 = Debug|Any CPU
		{BD0091D5-4D01-4675-BD93-FC547C39EBA9}.Release|Any CPU.ActiveCfg = Release|Any CPU
		{BD0091D5-4D01-4675-BD93-FC547C39EBA9}.Release|Any CPU.Build.0 = Release|Any CPU
	EndGlobalSection
	GlobalSection(SolutionProperties) = preSolution
		HideSolutionNode = FALSE
	EndGlobalSection
	GlobalSection(ExtensibilityGlobals) = postSolution
		SolutionGuid = {4E11C320-8BF7-4E1D-9123-56B70E75EE73}
	EndGlobalSection
EndGlobal
